
Microsoft Visual Studio Solution File, Format Version 12.00
# Visual Studio 15
VisualStudioVersion = 15.0.27004.2010
MinimumVisualStudioVersion = 10.0.40219.1
Project("{9A19103F-16F7-4668-BE54-9A1E7A4F7556}") = "PutDynamoDB", "PutDynamoDB\PutDynamoDB.csproj", "{7DD952B7-5F2E-4438-A97C-470CF08DB962}"
EndProject
Project("{9A19103F-16F7-4668-BE54-9A1E7A4F7556}") = "GetDynamoDB", "GetDynamoDB\GetDynamoDB.csproj", "{EB819AD6-B1C7-4B48-B493-CCC603E5D94A}"
EndProject
Project("{9A19103F-16F7-4668-BE54-9A1E7A4F7556}") = "PSO2emaAzureFunctions", "PSO2emaAzureFunctions\PSO2emaAzureFunctions.csproj", "{5B79F526-82B9-4DEB-A522-2DA67C3DF71D}"
EndProject
Project("{2150E333-8FDC-42A3-9474-1A3956D46DE8}") = "Solution Items", "Solution Items", "{C8BED180-A3E6-4A0D-9F08-2E10306363E0}"
	ProjectSection(SolutionItems) = preProject
		..\.gitignore = ..\.gitignore
		..\LICENSE = ..\LICENSE
		..\Readme.md = ..\Readme.md
	EndProjectSection
EndProject
Project("{2150E333-8FDC-42A3-9474-1A3956D46DE8}") = "Azure", "Azure", "{0D10E477-2D13-42D3-9EA8-0C6EC29E70F2}"
EndProject
Project("{2150E333-8FDC-42A3-9474-1A3956D46DE8}") = "AWS", "AWS", "{9E6270EA-559D-4DC5-A547-1CD4B4D872A6}"
EndProject
Project("{2150E333-8FDC-42A3-9474-1A3956D46DE8}") = "APIConversion", "APIConversion", "{B36CE2FA-48F9-4C63-93CE-CBBFBB4EF46A}"
	ProjectSection(SolutionItems) = preProject
		APIConversion\api.go = APIConversion\api.go
		APIConversion\cron.go = APIConversion\cron.go
		APIConversion\html.go = APIConversion\html.go
		APIConversion\model.go = APIConversion\model.go
		APIConversion\pso2_test.go = APIConversion\pso2_test.go
		APIConversion\view.go = APIConversion\view.go
	EndProjectSection
EndProject
Global
	GlobalSection(SolutionConfigurationPlatforms) = preSolution
		Debug|Any CPU = Debug|Any CPU
		Release|Any CPU = Release|Any CPU
	EndGlobalSection
	GlobalSection(ProjectConfigurationPlatforms) = postSolution
		{7DD952B7-5F2E-4438-A97C-470CF08DB962}.Debug|Any CPU.ActiveCfg = Debug|Any CPU
		{7DD952B7-5F2E-4438-A97C-470CF08DB962}.Debug|Any CPU.Build.0 = Debug|Any CPU
		{7DD952B7-5F2E-4438-A97C-470CF08DB962}.Release|Any CPU.ActiveCfg = Release|Any CPU
		{7DD952B7-5F2E-4438-A97C-470CF08DB962}.Release|Any CPU.Build.0 = Release|Any CPU
		{EB819AD6-B1C7-4B48-B493-CCC603E5D94A}.Debug|Any CPU.ActiveCfg = Debug|Any CPU
		{EB819AD6-B1C7-4B48-B493-CCC603E5D94A}.Debug|Any CPU.Build.0 = Debug|Any CPU
		{EB819AD6-B1C7-4B48-B493-CCC603E5D94A}.Release|Any CPU.ActiveCfg = Release|Any CPU
		{EB819AD6-B1C7-4B48-B493-CCC603E5D94A}.Release|Any CPU.Build.0 = Release|Any CPU
		{5B79F526-82B9-4DEB-A522-2DA67C3DF71D}.Debug|Any CPU.ActiveCfg = Debug|Any CPU
		{5B79F526-82B9-4DEB-A522-2DA67C3DF71D}.Debug|Any CPU.Build.0 = Debug|Any CPU
		{5B79F526-82B9-4DEB-A522-2DA67C3DF71D}.Release|Any CPU.ActiveCfg = Release|Any CPU
		{5B79F526-82B9-4DEB-A522-2DA67C3DF71D}.Release|Any CPU.Build.0 = Release|Any CPU
	EndGlobalSection
	GlobalSection(SolutionProperties) = preSolution
		HideSolutionNode = FALSE
	EndGlobalSection
	GlobalSection(NestedProjects) = preSolution
		{7DD952B7-5F2E-4438-A97C-470CF08DB962} = {9E6270EA-559D-4DC5-A547-1CD4B4D872A6}
		{EB819AD6-B1C7-4B48-B493-CCC603E5D94A} = {9E6270EA-559D-4DC5-A547-1CD4B4D872A6}
		{5B79F526-82B9-4DEB-A522-2DA67C3DF71D} = {0D10E477-2D13-42D3-9EA8-0C6EC29E70F2}
	EndGlobalSection
	GlobalSection(ExtensibilityGlobals) = postSolution
		SolutionGuid = {81A07B00-1271-4185-9490-DA277C2D3AAB}
	EndGlobalSection
EndGlobal
