
Microsoft Visual Studio Solution File, Format Version 12.00
# Visual Studio Version 16
VisualStudioVersion = 16.0.28729.10
MinimumVisualStudioVersion = 10.0.40219.1
Project("{9A19103F-16F7-4668-BE54-9A1E7A4F7556}") = "GetDynamoDB", "GetDynamoDB\GetDynamoDB.csproj", "{EB819AD6-B1C7-4B48-B493-CCC603E5D94A}"
EndProject
Project("{2150E333-8FDC-42A3-9474-1A3956D46DE8}") = "Solution Items", "Solution Items", "{C8BED180-A3E6-4A0D-9F08-2E10306363E0}"
	ProjectSection(SolutionItems) = preProject
		..\.gitignore = ..\.gitignore
		..\LICENSE = ..\LICENSE
		..\Readme.md = ..\Readme.md
	EndProjectSection
EndProject
Project("{2150E333-8FDC-42A3-9474-1A3956D46DE8}") = "AWS", "AWS", "{9E6270EA-559D-4DC5-A547-1CD4B4D872A6}"
EndProject
Project("{2150E333-8FDC-42A3-9474-1A3956D46DE8}") = "API-Gateway", "API-Gateway", "{1A706E68-48B2-4A1F-A4F5-1783D9314BE5}"
	ProjectSection(SolutionItems) = preProject
		GetDynamoDB.txt = GetDynamoDB.txt
	EndProjectSection
EndProject
Project("{9A19103F-16F7-4668-BE54-9A1E7A4F7556}") = "PSO2emagPut", "PSO2emagPut\PSO2emagPut.csproj", "{98F71716-F0F7-4C66-AD26-F8EBE1F53CA9}"
EndProject
Global
	GlobalSection(SolutionConfigurationPlatforms) = preSolution
		Debug|Any CPU = Debug|Any CPU
		Debug|x86 = Debug|x86
		Release|Any CPU = Release|Any CPU
		Release|x86 = Release|x86
	EndGlobalSection
	GlobalSection(ProjectConfigurationPlatforms) = postSolution
		{EB819AD6-B1C7-4B48-B493-CCC603E5D94A}.Debug|Any CPU.ActiveCfg = Debug|Any CPU
		{EB819AD6-B1C7-4B48-B493-CCC603E5D94A}.Debug|Any CPU.Build.0 = Debug|Any CPU
		{EB819AD6-B1C7-4B48-B493-CCC603E5D94A}.Debug|x86.ActiveCfg = Debug|Any CPU
		{EB819AD6-B1C7-4B48-B493-CCC603E5D94A}.Release|Any CPU.ActiveCfg = Release|Any CPU
		{EB819AD6-B1C7-4B48-B493-CCC603E5D94A}.Release|Any CPU.Build.0 = Release|Any CPU
		{EB819AD6-B1C7-4B48-B493-CCC603E5D94A}.Release|x86.ActiveCfg = Release|Any CPU
		{98F71716-F0F7-4C66-AD26-F8EBE1F53CA9}.Debug|Any CPU.ActiveCfg = Debug|Any CPU
		{98F71716-F0F7-4C66-AD26-F8EBE1F53CA9}.Debug|Any CPU.Build.0 = Debug|Any CPU
		{98F71716-F0F7-4C66-AD26-F8EBE1F53CA9}.Debug|x86.ActiveCfg = Debug|Any CPU
		{98F71716-F0F7-4C66-AD26-F8EBE1F53CA9}.Debug|x86.Build.0 = Debug|Any CPU
		{98F71716-F0F7-4C66-AD26-F8EBE1F53CA9}.Release|Any CPU.ActiveCfg = Release|Any CPU
		{98F71716-F0F7-4C66-AD26-F8EBE1F53CA9}.Release|Any CPU.Build.0 = Release|Any CPU
		{98F71716-F0F7-4C66-AD26-F8EBE1F53CA9}.Release|x86.ActiveCfg = Release|Any CPU
		{98F71716-F0F7-4C66-AD26-F8EBE1F53CA9}.Release|x86.Build.0 = Release|Any CPU
	EndGlobalSection
	GlobalSection(SolutionProperties) = preSolution
		HideSolutionNode = FALSE
	EndGlobalSection
	GlobalSection(NestedProjects) = preSolution
		{EB819AD6-B1C7-4B48-B493-CCC603E5D94A} = {9E6270EA-559D-4DC5-A547-1CD4B4D872A6}
		{1A706E68-48B2-4A1F-A4F5-1783D9314BE5} = {9E6270EA-559D-4DC5-A547-1CD4B4D872A6}
		{98F71716-F0F7-4C66-AD26-F8EBE1F53CA9} = {9E6270EA-559D-4DC5-A547-1CD4B4D872A6}
	EndGlobalSection
	GlobalSection(ExtensibilityGlobals) = postSolution
		SolutionGuid = {81A07B00-1271-4185-9490-DA277C2D3AAB}
	EndGlobalSection
EndGlobal
